
Microsoft Visual Studio Solution File, Format Version 12.00
# Visual Studio 15
VisualStudioVersion = 15.0.27130.2010
MinimumVisualStudioVersion = 10.0.40219.1
Project("{9A19103F-16F7-4668-BE54-9A1E7A4F7556}") = "MyLabs.Identity.WebApp", "MyLabs.Identity.WebApp\MyLabs.Identity.WebApp.csproj", "{440CA18D-F04B-42FD-B5B2-F31B8FFD8F8C}"
EndProject
Project("{FAE04EC0-301F-11D3-BF4B-00C04F79EFBC}") = "MyLabs.Client.WebApp", "MyLabs.Client.WebApp\MyLabs.Client.WebApp.csproj", "{AB9F1EBB-979F-4A55-B726-8C07D8AD05B4}"
EndProject
Global
	GlobalSection(SolutionConfigurationPlatforms) = preSolution
		Debug|Any CPU = Debug|Any CPU
		Release|Any CPU = Release|Any CPU
	EndGlobalSection
	GlobalSection(ProjectConfigurationPlatforms) = postSolution
		{440CA18D-F04B-42FD-B5B2-F31B8FFD8F8C}.Debug|Any CPU.ActiveCfg = Debug|Any CPU
		{440CA18D-F04B-42FD-B5B2-F31B8FFD8F8C}.Debug|Any CPU.Build.0 = Debug|Any CPU
		{440CA18D-F04B-42FD-B5B2-F31B8FFD8F8C}.Release|Any CPU.ActiveCfg = Release|Any CPU
		{440CA18D-F04B-42FD-B5B2-F31B8FFD8F8C}.Release|Any CPU.Build.0 = Release|Any CPU
		{AB9F1EBB-979F-4A55-B726-8C07D8AD05B4}.Debug|Any CPU.ActiveCfg = Debug|Any CPU
		{AB9F1EBB-979F-4A55-B726-8C07D8AD05B4}.Debug|Any CPU.Build.0 = Debug|Any CPU
		{AB9F1EBB-979F-4A55-B726-8C07D8AD05B4}.Release|Any CPU.ActiveCfg = Release|Any CPU
		{AB9F1EBB-979F-4A55-B726-8C07D8AD05B4}.Release|Any CPU.Build.0 = Release|Any CPU
	EndGlobalSection
	GlobalSection(SolutionProperties) = preSolution
		HideSolutionNode = FALSE
	EndGlobalSection
	GlobalSection(ExtensibilityGlobals) = postSolution
		SolutionGuid = {D9D9B147-1089-4C89-9B51-583E6340653E}
	EndGlobalSection
EndGlobal
